# This file is autogenerated, do not edit; changes may be undone by the next 'dep ensure'.


[[projects]]
  branch = "master"
  name = "github.com/chyeh/pubip"
  packages = ["."]
  revision = "b7e679cf541cd580e99712413b9351008731d09d"

[[projects]]
  branch = "master"
  name = "github.com/jpillora/backoff"
  packages = ["."]
  revision = "06c7a16c845dc8e0bf575fafeeca0f5462f5eb4d"

[[projects]]
  branch = "Init"
  name = "github.com/normegil/gandidnsclient"
  packages = ["."]
  revision = "4591b34ecfe3518d0e2d74bf9920c85f7b0b00bd"

[[projects]]
  name = "github.com/spf13/pflag"
  packages = ["."]
  revision = "e57e3eeb33f795204c1ca35f56c44f83227c6e66"
  version = "v1.0.0"

[solve-meta]
  analyzer-name = "dep"
  analyzer-version = 1
  inputs-digest = "ce792a95b087ff195c2f8a0b2be1c8a17262bc2f5599b1269842686420ca5fa2"
  solver-name = "gps-cdcl"
  solver-version = 1
